
Microsoft Visual Studio Solution File, Format Version 12.00
# Visual Studio Version 17
VisualStudioVersion = 17.4.33213.308
MinimumVisualStudioVersion = 10.0.40219.1
Project("{FAE04EC0-301F-11D3-BF4B-00C04F79EFBC}") = "ByteBank", "ByteBank.csproj", "{197BA6DB-B310-4C37-B734-F6D7A203AA89}"
EndProject
Project("{FAE04EC0-301F-11D3-BF4B-00C04F79EFBC}") = "ByteBank.SistemaAgencia", "..\ByteBank.SistemaAgencia\ByteBank.SistemaAgencia.csproj", "{0B817454-23F0-4191-956A-3E21DEBD3851}"
EndProject
Project("{FAE04EC0-301F-11D3-BF4B-00C04F79EFBC}") = "ByteBank.Modelos", "..\ByteBank.Modelos\ByteBank.Modelos.csproj", "{7BA2E713-2F28-4805-846B-515328F71AC6}"
EndProject
Global
	GlobalSection(SolutionConfigurationPlatforms) = preSolution
		Debug|Any CPU = Debug|Any CPU
		Release|Any CPU = Release|Any CPU
	EndGlobalSection
	GlobalSection(ProjectConfigurationPlatforms) = postSolution
		{197BA6DB-B310-4C37-B734-F6D7A203AA89}.Debug|Any CPU.ActiveCfg = Debug|Any CPU
		{197BA6DB-B310-4C37-B734-F6D7A203AA89}.Debug|Any CPU.Build.0 = Debug|Any CPU
		{197BA6DB-B310-4C37-B734-F6D7A203AA89}.Release|Any CPU.ActiveCfg = Release|Any CPU
		{197BA6DB-B310-4C37-B734-F6D7A203AA89}.Release|Any CPU.Build.0 = Release|Any CPU
		{0B817454-23F0-4191-956A-3E21DEBD3851}.Debug|Any CPU.ActiveCfg = Debug|Any CPU
		{0B817454-23F0-4191-956A-3E21DEBD3851}.Debug|Any CPU.Build.0 = Debug|Any CPU
		{0B817454-23F0-4191-956A-3E21DEBD3851}.Release|Any CPU.ActiveCfg = Release|Any CPU
		{0B817454-23F0-4191-956A-3E21DEBD3851}.Release|Any CPU.Build.0 = Release|Any CPU
		{7BA2E713-2F28-4805-846B-515328F71AC6}.Debug|Any CPU.ActiveCfg = Debug|Any CPU
		{7BA2E713-2F28-4805-846B-515328F71AC6}.Debug|Any CPU.Build.0 = Debug|Any CPU
		{7BA2E713-2F28-4805-846B-515328F71AC6}.Release|Any CPU.ActiveCfg = Release|Any CPU
		{7BA2E713-2F28-4805-846B-515328F71AC6}.Release|Any CPU.Build.0 = Release|Any CPU
	EndGlobalSection
	GlobalSection(SolutionProperties) = preSolution
		HideSolutionNode = FALSE
	EndGlobalSection
	GlobalSection(ExtensibilityGlobals) = postSolution
		SolutionGuid = {7A212EE2-74AA-49D8-A4DD-A60923E5B96E}
	EndGlobalSection
EndGlobal
