
Microsoft Visual Studio Solution File, Format Version 12.00
# Visual Studio Version 17
VisualStudioVersion = 17.4.33213.308
MinimumVisualStudioVersion = 10.0.40219.1
Project("{FAE04EC0-301F-11D3-BF4B-00C04F79EFBC}") = "CSharpCollections2", "CSharpCollections2.csproj", "{0AB74276-A3E7-421F-84AD-077FA8DCB79C}"
EndProject
Project("{FAE04EC0-301F-11D3-BF4B-00C04F79EFBC}") = "SortedList", "SortedList\SortedList.csproj", "{F12C6B1F-3FD1-4142-9D76-ED25A42CF1E9}"
EndProject
Project("{FAE04EC0-301F-11D3-BF4B-00C04F79EFBC}") = "SortedDictionary", "..\SortedDictionary\SortedDictionary.csproj", "{09D233E6-B647-4AAE-ACE5-33B0B748E250}"
EndProject
Global
	GlobalSection(SolutionConfigurationPlatforms) = preSolution
		Debug|Any CPU = Debug|Any CPU
		Release|Any CPU = Release|Any CPU
	EndGlobalSection
	GlobalSection(ProjectConfigurationPlatforms) = postSolution
		{0AB74276-A3E7-421F-84AD-077FA8DCB79C}.Debug|Any CPU.ActiveCfg = Debug|Any CPU
		{0AB74276-A3E7-421F-84AD-077FA8DCB79C}.Debug|Any CPU.Build.0 = Debug|Any CPU
		{0AB74276-A3E7-421F-84AD-077FA8DCB79C}.Release|Any CPU.ActiveCfg = Release|Any CPU
		{0AB74276-A3E7-421F-84AD-077FA8DCB79C}.Release|Any CPU.Build.0 = Release|Any CPU
		{F12C6B1F-3FD1-4142-9D76-ED25A42CF1E9}.Debug|Any CPU.ActiveCfg = Debug|Any CPU
		{F12C6B1F-3FD1-4142-9D76-ED25A42CF1E9}.Debug|Any CPU.Build.0 = Debug|Any CPU
		{F12C6B1F-3FD1-4142-9D76-ED25A42CF1E9}.Release|Any CPU.ActiveCfg = Release|Any CPU
		{F12C6B1F-3FD1-4142-9D76-ED25A42CF1E9}.Release|Any CPU.Build.0 = Release|Any CPU
		{09D233E6-B647-4AAE-ACE5-33B0B748E250}.Debug|Any CPU.ActiveCfg = Debug|Any CPU
		{09D233E6-B647-4AAE-ACE5-33B0B748E250}.Debug|Any CPU.Build.0 = Debug|Any CPU
		{09D233E6-B647-4AAE-ACE5-33B0B748E250}.Release|Any CPU.ActiveCfg = Release|Any CPU
		{09D233E6-B647-4AAE-ACE5-33B0B748E250}.Release|Any CPU.Build.0 = Release|Any CPU
	EndGlobalSection
	GlobalSection(SolutionProperties) = preSolution
		HideSolutionNode = FALSE
	EndGlobalSection
	GlobalSection(ExtensibilityGlobals) = postSolution
		SolutionGuid = {2274A687-6F4C-4BA4-AC17-73D3979CE861}
	EndGlobalSection
EndGlobal
