
Microsoft Visual Studio Solution File, Format Version 12.00
# Visual Studio Version 17
VisualStudioVersion = 17.4.33213.308
MinimumVisualStudioVersion = 10.0.40219.1
Project("{FAE04EC0-301F-11D3-BF4B-00C04F79EFBC}") = "CSharpCollections2", "CSharpCollections2.csproj", "{0AB74276-A3E7-421F-84AD-077FA8DCB79C}"
EndProject
Project("{FAE04EC0-301F-11D3-BF4B-00C04F79EFBC}") = "SortedList", "SortedList\SortedList.csproj", "{F12C6B1F-3FD1-4142-9D76-ED25A42CF1E9}"
EndProject
Project("{FAE04EC0-301F-11D3-BF4B-00C04F79EFBC}") = "SortedDictionary", "..\SortedDictionary\SortedDictionary.csproj", "{09D233E6-B647-4AAE-ACE5-33B0B748E250}"
EndProject
Project("{FAE04EC0-301F-11D3-BF4B-00C04F79EFBC}") = "SortedSet", "..\SortedSet\SortedSet.csproj", "{B6CE999A-BA58-4069-972C-CFA23047589E}"
EndProject
Project("{FAE04EC0-301F-11D3-BF4B-00C04F79EFBC}") = "ArraysMultidimensionais", "..\ArraysMultidimensionais\ArraysMultidimensionais.csproj", "{02C8FBB6-36FB-4F7A-A8FB-006965039A23}"
EndProject
Project("{FAE04EC0-301F-11D3-BF4B-00C04F79EFBC}") = "JaggedArrays", "..\JaggedArrays\JaggedArrays.csproj", "{FE796504-CDB3-4CE7-A705-283459FBC065}"
EndProject
Project("{FAE04EC0-301F-11D3-BF4B-00C04F79EFBC}") = "ConsultandoCollections", "..\ConsultandoCollections\ConsultandoCollections.csproj", "{2F07746F-A51F-42EF-8C79-646EDA00AF92}"
EndProject
Project("{FAE04EC0-301F-11D3-BF4B-00C04F79EFBC}") = "OutroOperadoresLINQ", "..\OutroOperadoresLINQ\OutroOperadoresLINQ.csproj", "{C05C950F-AE42-4543-924C-195916B62817}"
EndProject
Project("{FAE04EC0-301F-11D3-BF4B-00C04F79EFBC}") = "OperadoresDeConjuntos", "..\OperadoresDeConjuntos\OperadoresDeConjuntos.csproj", "{3999A417-6113-401D-8B81-CE981F9B9E9E}"
EndProject
Global
	GlobalSection(SolutionConfigurationPlatforms) = preSolution
		Debug|Any CPU = Debug|Any CPU
		Release|Any CPU = Release|Any CPU
	EndGlobalSection
	GlobalSection(ProjectConfigurationPlatforms) = postSolution
		{0AB74276-A3E7-421F-84AD-077FA8DCB79C}.Debug|Any CPU.ActiveCfg = Debug|Any CPU
		{0AB74276-A3E7-421F-84AD-077FA8DCB79C}.Debug|Any CPU.Build.0 = Debug|Any CPU
		{0AB74276-A3E7-421F-84AD-077FA8DCB79C}.Release|Any CPU.ActiveCfg = Release|Any CPU
		{0AB74276-A3E7-421F-84AD-077FA8DCB79C}.Release|Any CPU.Build.0 = Release|Any CPU
		{F12C6B1F-3FD1-4142-9D76-ED25A42CF1E9}.Debug|Any CPU.ActiveCfg = Debug|Any CPU
		{F12C6B1F-3FD1-4142-9D76-ED25A42CF1E9}.Debug|Any CPU.Build.0 = Debug|Any CPU
		{F12C6B1F-3FD1-4142-9D76-ED25A42CF1E9}.Release|Any CPU.ActiveCfg = Release|Any CPU
		{F12C6B1F-3FD1-4142-9D76-ED25A42CF1E9}.Release|Any CPU.Build.0 = Release|Any CPU
		{09D233E6-B647-4AAE-ACE5-33B0B748E250}.Debug|Any CPU.ActiveCfg = Debug|Any CPU
		{09D233E6-B647-4AAE-ACE5-33B0B748E250}.Debug|Any CPU.Build.0 = Debug|Any CPU
		{09D233E6-B647-4AAE-ACE5-33B0B748E250}.Release|Any CPU.ActiveCfg = Release|Any CPU
		{09D233E6-B647-4AAE-ACE5-33B0B748E250}.Release|Any CPU.Build.0 = Release|Any CPU
		{B6CE999A-BA58-4069-972C-CFA23047589E}.Debug|Any CPU.ActiveCfg = Debug|Any CPU
		{B6CE999A-BA58-4069-972C-CFA23047589E}.Debug|Any CPU.Build.0 = Debug|Any CPU
		{B6CE999A-BA58-4069-972C-CFA23047589E}.Release|Any CPU.ActiveCfg = Release|Any CPU
		{B6CE999A-BA58-4069-972C-CFA23047589E}.Release|Any CPU.Build.0 = Release|Any CPU
		{02C8FBB6-36FB-4F7A-A8FB-006965039A23}.Debug|Any CPU.ActiveCfg = Debug|Any CPU
		{02C8FBB6-36FB-4F7A-A8FB-006965039A23}.Debug|Any CPU.Build.0 = Debug|Any CPU
		{02C8FBB6-36FB-4F7A-A8FB-006965039A23}.Release|Any CPU.ActiveCfg = Release|Any CPU
		{02C8FBB6-36FB-4F7A-A8FB-006965039A23}.Release|Any CPU.Build.0 = Release|Any CPU
		{FE796504-CDB3-4CE7-A705-283459FBC065}.Debug|Any CPU.ActiveCfg = Debug|Any CPU
		{FE796504-CDB3-4CE7-A705-283459FBC065}.Debug|Any CPU.Build.0 = Debug|Any CPU
		{FE796504-CDB3-4CE7-A705-283459FBC065}.Release|Any CPU.ActiveCfg = Release|Any CPU
		{FE796504-CDB3-4CE7-A705-283459FBC065}.Release|Any CPU.Build.0 = Release|Any CPU
		{2F07746F-A51F-42EF-8C79-646EDA00AF92}.Debug|Any CPU.ActiveCfg = Debug|Any CPU
		{2F07746F-A51F-42EF-8C79-646EDA00AF92}.Debug|Any CPU.Build.0 = Debug|Any CPU
		{2F07746F-A51F-42EF-8C79-646EDA00AF92}.Release|Any CPU.ActiveCfg = Release|Any CPU
		{2F07746F-A51F-42EF-8C79-646EDA00AF92}.Release|Any CPU.Build.0 = Release|Any CPU
		{C05C950F-AE42-4543-924C-195916B62817}.Debug|Any CPU.ActiveCfg = Debug|Any CPU
		{C05C950F-AE42-4543-924C-195916B62817}.Debug|Any CPU.Build.0 = Debug|Any CPU
		{C05C950F-AE42-4543-924C-195916B62817}.Release|Any CPU.ActiveCfg = Release|Any CPU
		{C05C950F-AE42-4543-924C-195916B62817}.Release|Any CPU.Build.0 = Release|Any CPU
		{3999A417-6113-401D-8B81-CE981F9B9E9E}.Debug|Any CPU.ActiveCfg = Debug|Any CPU
		{3999A417-6113-401D-8B81-CE981F9B9E9E}.Debug|Any CPU.Build.0 = Debug|Any CPU
		{3999A417-6113-401D-8B81-CE981F9B9E9E}.Release|Any CPU.ActiveCfg = Release|Any CPU
		{3999A417-6113-401D-8B81-CE981F9B9E9E}.Release|Any CPU.Build.0 = Release|Any CPU
	EndGlobalSection
	GlobalSection(SolutionProperties) = preSolution
		HideSolutionNode = FALSE
	EndGlobalSection
	GlobalSection(ExtensibilityGlobals) = postSolution
		SolutionGuid = {2274A687-6F4C-4BA4-AC17-73D3979CE861}
	EndGlobalSection
EndGlobal
