
Microsoft Visual Studio Solution File, Format Version 12.00
# Visual Studio Version 17
VisualStudioVersion = 17.4.33213.308
MinimumVisualStudioVersion = 10.0.40219.1
Project("{FAE04EC0-301F-11D3-BF4B-00C04F79EFBC}") = "CSharpCollections", "CSharpCollections.csproj", "{96D71D43-DB67-481D-9526-859322C1F60B}"
EndProject
Project("{FAE04EC0-301F-11D3-BF4B-00C04F79EFBC}") = "ListaSomenteLeitura", "ListaSomenteLeitura\ListaSomenteLeitura.csproj", "{20A8B88F-8AA7-4F37-AB7E-A5A76242BB5C}"
EndProject
Project("{FAE04EC0-301F-11D3-BF4B-00C04F79EFBC}") = "PoderDosSets", "PoderDosSets\PoderDosSets.csproj", "{120B2811-54C3-4373-9A4C-46CDAE5EDA18}"
EndProject
Project("{FAE04EC0-301F-11D3-BF4B-00C04F79EFBC}") = "SetNoModelo", "SetNoModelo\SetNoModelo.csproj", "{C813E6B8-4369-4531-854C-504C25AF7403}"
EndProject
Project("{FAE04EC0-301F-11D3-BF4B-00C04F79EFBC}") = "LinkedList", "LinkedList\LinkedList.csproj", "{332DAA87-D681-4161-9751-AD9634C26B37}"
EndProject
Project("{FAE04EC0-301F-11D3-BF4B-00C04F79EFBC}") = "Stack", "Stack\Stack.csproj", "{10E384E6-8D6F-463A-9D88-AA1F1C25E38B}"
EndProject
Project("{FAE04EC0-301F-11D3-BF4B-00C04F79EFBC}") = "Queue", "Queue\Queue.csproj", "{00D51D08-3EC2-464F-8C18-14ACFF3CFF62}"
EndProject
Project("{FAE04EC0-301F-11D3-BF4B-00C04F79EFBC}") = "A1IconFromByteArray", "..\..\..\..\..\Downloads\csharp-collections-d3a1d13f28ab6e708613eb97f05211a1571c59c8\csharp-collections-d3a1d13f28ab6e708613eb97f05211a1571c59c8\A1IconFromBytes\A1IconFromByteArray.csproj", "{DEC34FD6-227A-45EF-8C9B-1CD4F6310431}"
EndProject
Global
	GlobalSection(SolutionConfigurationPlatforms) = preSolution
		Debug|Any CPU = Debug|Any CPU
		Release|Any CPU = Release|Any CPU
	EndGlobalSection
	GlobalSection(ProjectConfigurationPlatforms) = postSolution
		{96D71D43-DB67-481D-9526-859322C1F60B}.Debug|Any CPU.ActiveCfg = Debug|Any CPU
		{96D71D43-DB67-481D-9526-859322C1F60B}.Debug|Any CPU.Build.0 = Debug|Any CPU
		{96D71D43-DB67-481D-9526-859322C1F60B}.Release|Any CPU.ActiveCfg = Release|Any CPU
		{96D71D43-DB67-481D-9526-859322C1F60B}.Release|Any CPU.Build.0 = Release|Any CPU
		{20A8B88F-8AA7-4F37-AB7E-A5A76242BB5C}.Debug|Any CPU.ActiveCfg = Debug|Any CPU
		{20A8B88F-8AA7-4F37-AB7E-A5A76242BB5C}.Debug|Any CPU.Build.0 = Debug|Any CPU
		{20A8B88F-8AA7-4F37-AB7E-A5A76242BB5C}.Release|Any CPU.ActiveCfg = Release|Any CPU
		{20A8B88F-8AA7-4F37-AB7E-A5A76242BB5C}.Release|Any CPU.Build.0 = Release|Any CPU
		{120B2811-54C3-4373-9A4C-46CDAE5EDA18}.Debug|Any CPU.ActiveCfg = Debug|Any CPU
		{120B2811-54C3-4373-9A4C-46CDAE5EDA18}.Debug|Any CPU.Build.0 = Debug|Any CPU
		{120B2811-54C3-4373-9A4C-46CDAE5EDA18}.Release|Any CPU.ActiveCfg = Release|Any CPU
		{120B2811-54C3-4373-9A4C-46CDAE5EDA18}.Release|Any CPU.Build.0 = Release|Any CPU
		{C813E6B8-4369-4531-854C-504C25AF7403}.Debug|Any CPU.ActiveCfg = Debug|Any CPU
		{C813E6B8-4369-4531-854C-504C25AF7403}.Debug|Any CPU.Build.0 = Debug|Any CPU
		{C813E6B8-4369-4531-854C-504C25AF7403}.Release|Any CPU.ActiveCfg = Release|Any CPU
		{C813E6B8-4369-4531-854C-504C25AF7403}.Release|Any CPU.Build.0 = Release|Any CPU
		{332DAA87-D681-4161-9751-AD9634C26B37}.Debug|Any CPU.ActiveCfg = Debug|Any CPU
		{332DAA87-D681-4161-9751-AD9634C26B37}.Debug|Any CPU.Build.0 = Debug|Any CPU
		{332DAA87-D681-4161-9751-AD9634C26B37}.Release|Any CPU.ActiveCfg = Release|Any CPU
		{332DAA87-D681-4161-9751-AD9634C26B37}.Release|Any CPU.Build.0 = Release|Any CPU
		{10E384E6-8D6F-463A-9D88-AA1F1C25E38B}.Debug|Any CPU.ActiveCfg = Debug|Any CPU
		{10E384E6-8D6F-463A-9D88-AA1F1C25E38B}.Debug|Any CPU.Build.0 = Debug|Any CPU
		{10E384E6-8D6F-463A-9D88-AA1F1C25E38B}.Release|Any CPU.ActiveCfg = Release|Any CPU
		{10E384E6-8D6F-463A-9D88-AA1F1C25E38B}.Release|Any CPU.Build.0 = Release|Any CPU
		{00D51D08-3EC2-464F-8C18-14ACFF3CFF62}.Debug|Any CPU.ActiveCfg = Debug|Any CPU
		{00D51D08-3EC2-464F-8C18-14ACFF3CFF62}.Debug|Any CPU.Build.0 = Debug|Any CPU
		{00D51D08-3EC2-464F-8C18-14ACFF3CFF62}.Release|Any CPU.ActiveCfg = Release|Any CPU
		{00D51D08-3EC2-464F-8C18-14ACFF3CFF62}.Release|Any CPU.Build.0 = Release|Any CPU
		{DEC34FD6-227A-45EF-8C9B-1CD4F6310431}.Debug|Any CPU.ActiveCfg = Debug|Any CPU
		{DEC34FD6-227A-45EF-8C9B-1CD4F6310431}.Debug|Any CPU.Build.0 = Debug|Any CPU
		{DEC34FD6-227A-45EF-8C9B-1CD4F6310431}.Release|Any CPU.ActiveCfg = Release|Any CPU
		{DEC34FD6-227A-45EF-8C9B-1CD4F6310431}.Release|Any CPU.Build.0 = Release|Any CPU
	EndGlobalSection
	GlobalSection(SolutionProperties) = preSolution
		HideSolutionNode = FALSE
	EndGlobalSection
	GlobalSection(ExtensibilityGlobals) = postSolution
		SolutionGuid = {B955E7BC-D153-45DD-B1BB-D548CB69C803}
	EndGlobalSection
EndGlobal
